
Microsoft Visual Studio Solution File, Format Version 12.00
# Visual Studio Version 16
VisualStudioVersion = 16.0.29102.190
MinimumVisualStudioVersion = 10.0.40219.1
Project("{FAE04EC0-301F-11D3-BF4B-00C04F79EFBC}") = "App01", "App01.csproj", "{B5B2D8E1-B44F-4AF4-BDB6-2AEFAD707019}"
EndProject
Global
	GlobalSection(SolutionConfigurationPlatforms) = preSolution
		Debug|Any CPU = Debug|Any CPU
		Release|Any CPU = Release|Any CPU
	EndGlobalSection
	GlobalSection(ProjectConfigurationPlatforms) = postSolution
		{B5B2D8E1-B44F-4AF4-BDB6-2AEFAD707019}.Debug|Any CPU.ActiveCfg = Debug|Any CPU
		{B5B2D8E1-B44F-4AF4-BDB6-2AEFAD707019}.Debug|Any CPU.Build.0 = Debug|Any CPU
		{B5B2D8E1-B44F-4AF4-BDB6-2AEFAD707019}.Release|Any CPU.ActiveCfg = Release|Any CPU
		{B5B2D8E1-B44F-4AF4-BDB6-2AEFAD707019}.Release|Any CPU.Build.0 = Release|Any CPU
	EndGlobalSection
	GlobalSection(SolutionProperties) = preSolution
		HideSolutionNode = FALSE
	EndGlobalSection
	GlobalSection(ExtensibilityGlobals) = postSolution
		SolutionGuid = {287CDACB-561A-4040-AB60-E3CDFCE16C70}
	EndGlobalSection
EndGlobal
